
Microsoft Visual Studio Solution File, Format Version 12.00
# Visual Studio Version 16
VisualStudioVersion = 16.0.30406.217
MinimumVisualStudioVersion = 10.0.40219.1
Project("{8BC9CEB8-8B4A-11D0-8D11-00A0C91BC942}") = "CyubE3dit_V2", "CyubE3dit_V2\CyubE3dit_V2.vcxproj", "{98FEF890-692D-4F44-AA93-481783A78A15}"
	ProjectSection(ProjectDependencies) = postProject
		{06163DCB-B183-4ED9-9C62-13EF1658E049} = {06163DCB-B183-4ED9-9C62-13EF1658E049}
	EndProjectSection
EndProject
Project("{8BC9CEB8-8B4A-11D0-8D11-00A0C91BC942}") = "WickedEngine_Windows", "..\WickedEngine\WickedEngine\WickedEngine_Windows.vcxproj", "{06163DCB-B183-4ED9-9C62-13EF1658E049}"
EndProject
Project("{8BC9CEB8-8B4A-11D0-8D11-00A0C91BC942}") = "WickedEngine_SOURCE", "..\WickedEngine\WickedEngine\WickedEngine_SOURCE.vcxitems", "{45D41ACC-2C3C-43D2-BC10-02AA73FFC7C7}"
EndProject
Project("{8BC9CEB8-8B4A-11D0-8D11-00A0C91BC942}") = "Shaders_SOURCE", "..\WickedEngine\WickedEngine\Shaders_SOURCE.vcxitems", "{92E86448-0724-4387-ABAC-96E63EDF4190}"
EndProject
Global
	GlobalSection(SharedMSBuildProjectFiles) = preSolution
		..\WickedEngine\WickedEngine\Shaders_SOURCE.vcxitems*{06163dcb-b183-4ed9-9c62-13ef1658e049}*SharedItemsImports = 4
		..\WickedEngine\WickedEngine\WickedEngine_SOURCE.vcxitems*{06163dcb-b183-4ed9-9c62-13ef1658e049}*SharedItemsImports = 4
		..\WickedEngine\WickedEngine\WickedEngine_SOURCE.vcxitems*{45d41acc-2c3c-43d2-bc10-02aa73ffc7c7}*SharedItemsImports = 9
		..\WickedEngine\WickedEngine\Shaders_SOURCE.vcxitems*{92e86448-0724-4387-abac-96e63edf4190}*SharedItemsImports = 9
	EndGlobalSection
	GlobalSection(SolutionConfigurationPlatforms) = preSolution
		Debug|x64 = Debug|x64
		Debug|x86 = Debug|x86
		Release|x64 = Release|x64
		Release|x86 = Release|x86
	EndGlobalSection
	GlobalSection(ProjectConfigurationPlatforms) = postSolution
		{98FEF890-692D-4F44-AA93-481783A78A15}.Debug|x64.ActiveCfg = Debug|x64
		{98FEF890-692D-4F44-AA93-481783A78A15}.Debug|x64.Build.0 = Debug|x64
		{98FEF890-692D-4F44-AA93-481783A78A15}.Debug|x86.ActiveCfg = Debug|Win32
		{98FEF890-692D-4F44-AA93-481783A78A15}.Debug|x86.Build.0 = Debug|Win32
		{98FEF890-692D-4F44-AA93-481783A78A15}.Release|x64.ActiveCfg = Release|x64
		{98FEF890-692D-4F44-AA93-481783A78A15}.Release|x64.Build.0 = Release|x64
		{98FEF890-692D-4F44-AA93-481783A78A15}.Release|x86.ActiveCfg = Release|Win32
		{98FEF890-692D-4F44-AA93-481783A78A15}.Release|x86.Build.0 = Release|Win32
		{06163DCB-B183-4ED9-9C62-13EF1658E049}.Debug|x64.ActiveCfg = Debug|x64
		{06163DCB-B183-4ED9-9C62-13EF1658E049}.Debug|x64.Build.0 = Debug|x64
		{06163DCB-B183-4ED9-9C62-13EF1658E049}.Debug|x86.ActiveCfg = Debug|Win32
		{06163DCB-B183-4ED9-9C62-13EF1658E049}.Debug|x86.Build.0 = Debug|Win32
		{06163DCB-B183-4ED9-9C62-13EF1658E049}.Release|x64.ActiveCfg = Release|x64
		{06163DCB-B183-4ED9-9C62-13EF1658E049}.Release|x64.Build.0 = Release|x64
		{06163DCB-B183-4ED9-9C62-13EF1658E049}.Release|x86.ActiveCfg = Release|Win32
		{06163DCB-B183-4ED9-9C62-13EF1658E049}.Release|x86.Build.0 = Release|Win32
	EndGlobalSection
	GlobalSection(SolutionProperties) = preSolution
		HideSolutionNode = FALSE
	EndGlobalSection
	GlobalSection(ExtensibilityGlobals) = postSolution
		SolutionGuid = {0A89460A-3E08-4946-9A64-D50DD698384E}
	EndGlobalSection
EndGlobal
